
Microsoft Visual Studio Solution File, Format Version 12.00
# Visual Studio Version 16
VisualStudioVersion = 16.0.30128.74
MinimumVisualStudioVersion = 10.0.40219.1
Project("{151D2E53-A2C4-4D7D-83FE-D05416EBD58E}") = "AzureWebAppSQL", "AzureWebAppSQL\AzureWebAppSQL.deployproj", "{7A7CC94A-8B92-488D-869C-C2C3BD175771}"
EndProject
Global
	GlobalSection(SolutionConfigurationPlatforms) = preSolution
		Debug|Any CPU = Debug|Any CPU
		Release|Any CPU = Release|Any CPU
	EndGlobalSection
	GlobalSection(ProjectConfigurationPlatforms) = postSolution
		{7A7CC94A-8B92-488D-869C-C2C3BD175771}.Debug|Any CPU.ActiveCfg = Debug|Any CPU
		{7A7CC94A-8B92-488D-869C-C2C3BD175771}.Debug|Any CPU.Build.0 = Debug|Any CPU
		{7A7CC94A-8B92-488D-869C-C2C3BD175771}.Release|Any CPU.ActiveCfg = Release|Any CPU
		{7A7CC94A-8B92-488D-869C-C2C3BD175771}.Release|Any CPU.Build.0 = Release|Any CPU
	EndGlobalSection
	GlobalSection(SolutionProperties) = preSolution
		HideSolutionNode = FALSE
	EndGlobalSection
	GlobalSection(ExtensibilityGlobals) = postSolution
		SolutionGuid = {0541033D-A68E-484B-91F4-2E9086096281}
	EndGlobalSection
EndGlobal
